// !$*UTF8*$!
{
	archiveVersion = 1;
	classes = {
	};
	objectVersion = 46;
	objects = {

/* Begin PBXBuildFile section */
		BAA116221F1C52D300B98D27 /* main.m in Sources */ = {isa = PBXBuildFile; fileRef = BAA116211F1C52D300B98D27 /* main.m */; };
		BAA116251F1C52D300B98D27 /* AppDelegate.m in Sources */ = {isa = PBXBuildFile; fileRef = BAA116241F1C52D300B98D27 /* AppDelegate.m */; };
		BAA116281F1C52D300B98D27 /* ViewController.m in Sources */ = {isa = PBXBuildFile; fileRef = BAA116271F1C52D300B98D27 /* ViewController.m */; };
		BAA1162B1F1C52D300B98D27 /* Main.storyboard in Resources */ = {isa = PBXBuildFile; fileRef = BAA116291F1C52D300B98D27 /* Main.storyboard */; };
		BAA1162D1F1C52D300B98D27 /* Assets.xcassets in Resources */ = {isa = PBXBuildFile; fileRef = BAA1162C1F1C52D300B98D27 /* Assets.xcassets */; };
		BAA116301F1C52D300B98D27 /* LaunchScreen.storyboard in Resources */ = {isa = PBXBuildFile; fileRef = BAA1162E1F1C52D300B98D27 /* LaunchScreen.storyboard */; };
		BAA1163B1F1C52D400B98D27 /* VoiceConvertDemoTests.m in Sources */ = {isa = PBXBuildFile; fileRef = BAA1163A1F1C52D400B98D27 /* VoiceConvertDemoTests.m */; };
		BAA116461F1C52D400B98D27 /* VoiceConvertDemoUITests.m in Sources */ = {isa = PBXBuildFile; fileRef = BAA116451F1C52D400B98D27 /* VoiceConvertDemoUITests.m */; };
		BAA116631F1C52ED00B98D27 /* amrFileCodec.mm in Sources */ = {isa = PBXBuildFile; fileRef = BAA116561F1C52ED00B98D27 /* amrFileCodec.mm */; };
		BAA116641F1C52ED00B98D27 /* wav.mm in Sources */ = {isa = PBXBuildFile; fileRef = BAA116581F1C52ED00B98D27 /* wav.mm */; };
		BAA116661F1C52ED00B98D27 /* libopencore-amrnb.a in Frameworks */ = {isa = PBXBuildFile; fileRef = BAA1165E1F1C52ED00B98D27 /* libopencore-amrnb.a */; };
		BAA116671F1C52ED00B98D27 /* libopencore-amrwb.a in Frameworks */ = {isa = PBXBuildFile; fileRef = BAA116621F1C52ED00B98D27 /* libopencore-amrwb.a */; };
		BAA1166A1F1C532F00B98D27 /* VoiceConverter.mm in Sources */ = {isa = PBXBuildFile; fileRef = BAA116691F1C532F00B98D27 /* VoiceConverter.mm */; };
		BAA116781F1C54D100B98D27 /* AudioPlayerUtil.m in Sources */ = {isa = PBXBuildFile; fileRef = BAA116771F1C54D100B98D27 /* AudioPlayerUtil.m */; };
		BAA1167B1F1C554F00B98D27 /* AudioRecorderUtil.m in Sources */ = {isa = PBXBuildFile; fileRef = BAA1167A1F1C554F00B98D27 /* AudioRecorderUtil.m */; };
		BAA116931F1C59DF00B98D27 /* DeviceManagerBase.m in Sources */ = {isa = PBXBuildFile; fileRef = BAA116921F1C59DF00B98D27 /* DeviceManagerBase.m */; };
		BAA116991F1C5B9800B98D27 /* DeviceManagerBase+Media.m in Sources */ = {isa = PBXBuildFile; fileRef = BAA116981F1C5B9800B98D27 /* DeviceManagerBase+Media.m */; };
		BAA1169C1F1C5BC900B98D27 /* DeviceManagerBase+Microphone.m in Sources */ = {isa = PBXBuildFile; fileRef = BAA1169B1F1C5BC900B98D27 /* DeviceManagerBase+Microphone.m */; };
		BAA1169F1F1C5BE600B98D27 /* DeviceManagerBase+ProximitySensor.m in Sources */ = {isa = PBXBuildFile; fileRef = BAA1169E1F1C5BE600B98D27 /* DeviceManagerBase+ProximitySensor.m */; };
		BAA116A21F1C5BF900B98D27 /* DeviceManagerBase+Remind.m in Sources */ = {isa = PBXBuildFile; fileRef = BAA116A11F1C5BF900B98D27 /* DeviceManagerBase+Remind.m */; };
/* End PBXBuildFile section */

/* Begin PBXContainerItemProxy section */
		BAA116371F1C52D300B98D27 /* PBXContainerItemProxy */ = {
			isa = PBXContainerItemProxy;
			containerPortal = BAA116151F1C52D200B98D27 /* Project object */;
			proxyType = 1;
			remoteGlobalIDString = BAA1161C1F1C52D200B98D27;
			remoteInfo = VoiceConvertDemo;
		};
		BAA116421F1C52D400B98D27 /* PBXContainerItemProxy */ = {
			isa = PBXContainerItemProxy;
			containerPortal = BAA116151F1C52D200B98D27 /* Project object */;
			proxyType = 1;
			remoteGlobalIDString = BAA1161C1F1C52D200B98D27;
			remoteInfo = VoiceConvertDemo;
		};
/* End PBXContainerItemProxy section */

/* Begin PBXFileReference section */
		BAA1161D1F1C52D200B98D27 /* VoiceConvertDemo.app */ = {isa = PBXFileReference; explicitFileType = wrapper.application; includeInIndex = 0; path = VoiceConvertDemo.app; sourceTree = BUILT_PRODUCTS_DIR; };
		BAA116211F1C52D300B98D27 /* main.m */ = {isa = PBXFileReference; lastKnownFileType = sourcecode.c.objc; path = main.m; sourceTree = "<group>"; };
		BAA116231F1C52D300B98D27 /* AppDelegate.h */ = {isa = PBXFileReference; lastKnownFileType = sourcecode.c.h; path = AppDelegate.h; sourceTree = "<group>"; };
		BAA116241F1C52D300B98D27 /* AppDelegate.m */ = {isa = PBXFileReference; lastKnownFileType = sourcecode.c.objc; path = AppDelegate.m; sourceTree = "<group>"; };
		BAA116261F1C52D300B98D27 /* ViewController.h */ = {isa = PBXFileReference; lastKnownFileType = sourcecode.c.h; path = ViewController.h; sourceTree = "<group>"; };
		BAA116271F1C52D300B98D27 /* ViewController.m */ = {isa = PBXFileReference; lastKnownFileType = sourcecode.c.objc; path = ViewController.m; sourceTree = "<group>"; };
		BAA1162A1F1C52D300B98D27 /* Base */ = {isa = PBXFileReference; lastKnownFileType = file.storyboard; name = Base; path = Base.lproj/Main.storyboard; sourceTree = "<group>"; };
		BAA1162C1F1C52D300B98D27 /* Assets.xcassets */ = {isa = PBXFileReference; lastKnownFileType = folder.assetcatalog; path = Assets.xcassets; sourceTree = "<group>"; };
		BAA1162F1F1C52D300B98D27 /* Base */ = {isa = PBXFileReference; lastKnownFileType = file.storyboard; name = Base; path = Base.lproj/LaunchScreen.storyboard; sourceTree = "<group>"; };
		BAA116311F1C52D300B98D27 /* Info.plist */ = {isa = PBXFileReference; lastKnownFileType = text.plist.xml; path = Info.plist; sourceTree = "<group>"; };
		BAA116361F1C52D300B98D27 /* VoiceConvertDemoTests.xctest */ = {isa = PBXFileReference; explicitFileType = wrapper.cfbundle; includeInIndex = 0; path = VoiceConvertDemoTests.xctest; sourceTree = BUILT_PRODUCTS_DIR; };
		BAA1163A1F1C52D400B98D27 /* VoiceConvertDemoTests.m */ = {isa = PBXFileReference; lastKnownFileType = sourcecode.c.objc; path = VoiceConvertDemoTests.m; sourceTree = "<group>"; };
		BAA1163C1F1C52D400B98D27 /* Info.plist */ = {isa = PBXFileReference; lastKnownFileType = text.plist.xml; path = Info.plist; sourceTree = "<group>"; };
		BAA116411F1C52D400B98D27 /* VoiceConvertDemoUITests.xctest */ = {isa = PBXFileReference; explicitFileType = wrapper.cfbundle; includeInIndex = 0; path = VoiceConvertDemoUITests.xctest; sourceTree = BUILT_PRODUCTS_DIR; };
		BAA116451F1C52D400B98D27 /* VoiceConvertDemoUITests.m */ = {isa = PBXFileReference; lastKnownFileType = sourcecode.c.objc; path = VoiceConvertDemoUITests.m; sourceTree = "<group>"; };
		BAA116471F1C52D400B98D27 /* Info.plist */ = {isa = PBXFileReference; lastKnownFileType = text.plist.xml; path = Info.plist; sourceTree = "<group>"; };
		BAA116551F1C52ED00B98D27 /* amrFileCodec.h */ = {isa = PBXFileReference; fileEncoding = 4; lastKnownFileType = sourcecode.c.h; path = amrFileCodec.h; sourceTree = "<group>"; };
		BAA116561F1C52ED00B98D27 /* amrFileCodec.mm */ = {isa = PBXFileReference; fileEncoding = 4; lastKnownFileType = sourcecode.cpp.objcpp; path = amrFileCodec.mm; sourceTree = "<group>"; };
		BAA116571F1C52ED00B98D27 /* wav.h */ = {isa = PBXFileReference; fileEncoding = 4; lastKnownFileType = sourcecode.c.h; path = wav.h; sourceTree = "<group>"; };
		BAA116581F1C52ED00B98D27 /* wav.mm */ = {isa = PBXFileReference; fileEncoding = 4; lastKnownFileType = sourcecode.cpp.objcpp; path = wav.mm; sourceTree = "<group>"; };
		BAA1165C1F1C52ED00B98D27 /* interf_dec.h */ = {isa = PBXFileReference; fileEncoding = 4; lastKnownFileType = sourcecode.c.h; path = interf_dec.h; sourceTree = "<group>"; };
		BAA1165D1F1C52ED00B98D27 /* interf_enc.h */ = {isa = PBXFileReference; fileEncoding = 4; lastKnownFileType = sourcecode.c.h; path = interf_enc.h; sourceTree = "<group>"; };
		BAA1165E1F1C52ED00B98D27 /* libopencore-amrnb.a */ = {isa = PBXFileReference; lastKnownFileType = archive.ar; path = "libopencore-amrnb.a"; sourceTree = "<group>"; };
		BAA116601F1C52ED00B98D27 /* dec_if.h */ = {isa = PBXFileReference; fileEncoding = 4; lastKnownFileType = sourcecode.c.h; path = dec_if.h; sourceTree = "<group>"; };
		BAA116611F1C52ED00B98D27 /* if_rom.h */ = {isa = PBXFileReference; fileEncoding = 4; lastKnownFileType = sourcecode.c.h; path = if_rom.h; sourceTree = "<group>"; };
		BAA116621F1C52ED00B98D27 /* libopencore-amrwb.a */ = {isa = PBXFileReference; lastKnownFileType = archive.ar; path = "libopencore-amrwb.a"; sourceTree = "<group>"; };
		BAA116681F1C532F00B98D27 /* VoiceConverter.h */ = {isa = PBXFileReference; fileEncoding = 4; lastKnownFileType = sourcecode.c.h; path = VoiceConverter.h; sourceTree = "<group>"; };
		BAA116691F1C532F00B98D27 /* VoiceConverter.mm */ = {isa = PBXFileReference; fileEncoding = 4; lastKnownFileType = sourcecode.cpp.objcpp; path = VoiceConverter.mm; sourceTree = "<group>"; };
		BAA1166F1F1C541A00B98D27 /* DeviceManagerDelegate.h */ = {isa = PBXFileReference; fileEncoding = 4; lastKnownFileType = sourcecode.c.h; path = DeviceManagerDelegate.h; sourceTree = "<group>"; };
		BAA116701F1C542E00B98D27 /* DeviceManagerProximitySensorDelegate.h */ = {isa = PBXFileReference; fileEncoding = 4; lastKnownFileType = sourcecode.c.h; path = DeviceManagerProximitySensorDelegate.h; sourceTree = "<group>"; };
		BAA116751F1C54B400B98D27 /* DemoErrorCode.h */ = {isa = PBXFileReference; fileEncoding = 4; lastKnownFileType = sourcecode.c.h; path = DemoErrorCode.h; sourceTree = "<group>"; };
		BAA116761F1C54D100B98D27 /* AudioPlayerUtil.h */ = {isa = PBXFileReference; fileEncoding = 4; lastKnownFileType = sourcecode.c.h; path = AudioPlayerUtil.h; sourceTree = "<group>"; };
		BAA116771F1C54D100B98D27 /* AudioPlayerUtil.m */ = {isa = PBXFileReference; fileEncoding = 4; lastKnownFileType = sourcecode.c.objc; path = AudioPlayerUtil.m; sourceTree = "<group>"; };
		BAA116791F1C554F00B98D27 /* AudioRecorderUtil.h */ = {isa = PBXFileReference; fileEncoding = 4; lastKnownFileType = sourcecode.c.h; path = AudioRecorderUtil.h; sourceTree = "<group>"; };
		BAA1167A1F1C554F00B98D27 /* AudioRecorderUtil.m */ = {isa = PBXFileReference; fileEncoding = 4; lastKnownFileType = sourcecode.c.objc; path = AudioRecorderUtil.m; sourceTree = "<group>"; };
		BAA116911F1C59DF00B98D27 /* DeviceManagerBase.h */ = {isa = PBXFileReference; fileEncoding = 4; lastKnownFileType = sourcecode.c.h; path = DeviceManagerBase.h; sourceTree = "<group>"; };
		BAA116921F1C59DF00B98D27 /* DeviceManagerBase.m */ = {isa = PBXFileReference; fileEncoding = 4; lastKnownFileType = sourcecode.c.objc; path = DeviceManagerBase.m; sourceTree = "<group>"; };
		BAA116971F1C5B9800B98D27 /* DeviceManagerBase+Media.h */ = {isa = PBXFileReference; fileEncoding = 4; lastKnownFileType = sourcecode.c.h; path = "DeviceManagerBase+Media.h"; sourceTree = "<group>"; };
		BAA116981F1C5B9800B98D27 /* DeviceManagerBase+Media.m */ = {isa = PBXFileReference; fileEncoding = 4; lastKnownFileType = sourcecode.c.objc; path = "DeviceManagerBase+Media.m"; sourceTree = "<group>"; };
		BAA1169A1F1C5BC900B98D27 /* DeviceManagerBase+Microphone.h */ = {isa = PBXFileReference; fileEncoding = 4; lastKnownFileType = sourcecode.c.h; path = "DeviceManagerBase+Microphone.h"; sourceTree = "<group>"; };
		BAA1169B1F1C5BC900B98D27 /* DeviceManagerBase+Microphone.m */ = {isa = PBXFileReference; fileEncoding = 4; lastKnownFileType = sourcecode.c.objc; path = "DeviceManagerBase+Microphone.m"; sourceTree = "<group>"; };
		BAA1169D1F1C5BE600B98D27 /* DeviceManagerBase+ProximitySensor.h */ = {isa = PBXFileReference; fileEncoding = 4; lastKnownFileType = sourcecode.c.h; path = "DeviceManagerBase+ProximitySensor.h"; sourceTree = "<group>"; };
		BAA1169E1F1C5BE600B98D27 /* DeviceManagerBase+ProximitySensor.m */ = {isa = PBXFileReference; fileEncoding = 4; lastKnownFileType = sourcecode.c.objc; path = "DeviceManagerBase+ProximitySensor.m"; sourceTree = "<group>"; };
		BAA116A01F1C5BF900B98D27 /* DeviceManagerBase+Remind.h */ = {isa = PBXFileReference; fileEncoding = 4; lastKnownFileType = sourcecode.c.h; path = "DeviceManagerBase+Remind.h"; sourceTree = "<group>"; };
		BAA116A11F1C5BF900B98D27 /* DeviceManagerBase+Remind.m */ = {isa = PBXFileReference; fileEncoding = 4; lastKnownFileType = sourcecode.c.objc; path = "DeviceManagerBase+Remind.m"; sourceTree = "<group>"; };
		BAA116A81F1C5D9C00B98D27 /* DeviceManager.h */ = {isa = PBXFileReference; lastKnownFileType = sourcecode.c.h; path = DeviceManager.h; sourceTree = "<group>"; };
/* End PBXFileReference section */

/* Begin PBXFrameworksBuildPhase section */
		BAA1161A1F1C52D200B98D27 /* Frameworks */ = {
			isa = PBXFrameworksBuildPhase;
			buildActionMask = 2147483647;
			files = (
				BAA116671F1C52ED00B98D27 /* libopencore-amrwb.a in Frameworks */,
				BAA116661F1C52ED00B98D27 /* libopencore-amrnb.a in Frameworks */,
			);
			runOnlyForDeploymentPostprocessing = 0;
		};
		BAA116331F1C52D300B98D27 /* Frameworks */ = {
			isa = PBXFrameworksBuildPhase;
			buildActionMask = 2147483647;
			files = (
			);
			runOnlyForDeploymentPostprocessing = 0;
		};
		BAA1163E1F1C52D400B98D27 /* Frameworks */ = {
			isa = PBXFrameworksBuildPhase;
			buildActionMask = 2147483647;
			files = (
			);
			runOnlyForDeploymentPostprocessing = 0;
		};
/* End PBXFrameworksBuildPhase section */

/* Begin PBXGroup section */
		BAA116141F1C52D100B98D27 = {
			isa = PBXGroup;
			children = (
				BAA1161F1F1C52D200B98D27 /* VoiceConvertDemo */,
				BAA116391F1C52D300B98D27 /* VoiceConvertDemoTests */,
				BAA116441F1C52D400B98D27 /* VoiceConvertDemoUITests */,
				BAA1161E1F1C52D200B98D27 /* Products */,
			);
			sourceTree = "<group>";
		};
		BAA1161E1F1C52D200B98D27 /* Products */ = {
			isa = PBXGroup;
			children = (
				BAA1161D1F1C52D200B98D27 /* VoiceConvertDemo.app */,
				BAA116361F1C52D300B98D27 /* VoiceConvertDemoTests.xctest */,
				BAA116411F1C52D400B98D27 /* VoiceConvertDemoUITests.xctest */,
			);
			name = Products;
			sourceTree = "<group>";
		};
		BAA1161F1F1C52D200B98D27 /* VoiceConvertDemo */ = {
			isa = PBXGroup;
			children = (
				BAA116531F1C52ED00B98D27 /* VoiceConvert */,
				BAA116231F1C52D300B98D27 /* AppDelegate.h */,
				BAA116241F1C52D300B98D27 /* AppDelegate.m */,
				BAA116261F1C52D300B98D27 /* ViewController.h */,
				BAA116271F1C52D300B98D27 /* ViewController.m */,
				BAA116291F1C52D300B98D27 /* Main.storyboard */,
				BAA1162C1F1C52D300B98D27 /* Assets.xcassets */,
				BAA1162E1F1C52D300B98D27 /* LaunchScreen.storyboard */,
				BAA116311F1C52D300B98D27 /* Info.plist */,
				BAA116201F1C52D300B98D27 /* Supporting Files */,
			);
			path = VoiceConvertDemo;
			sourceTree = "<group>";
		};
		BAA116201F1C52D300B98D27 /* Supporting Files */ = {
			isa = PBXGroup;
			children = (
				BAA116211F1C52D300B98D27 /* main.m */,
			);
			name = "Supporting Files";
			sourceTree = "<group>";
		};
		BAA116391F1C52D300B98D27 /* VoiceConvertDemoTests */ = {
			isa = PBXGroup;
			children = (
				BAA1163A1F1C52D400B98D27 /* VoiceConvertDemoTests.m */,
				BAA1163C1F1C52D400B98D27 /* Info.plist */,
			);
			path = VoiceConvertDemoTests;
			sourceTree = "<group>";
		};
		BAA116441F1C52D400B98D27 /* VoiceConvertDemoUITests */ = {
			isa = PBXGroup;
			children = (
				BAA116451F1C52D400B98D27 /* VoiceConvertDemoUITests.m */,
				BAA116471F1C52D400B98D27 /* Info.plist */,
			);
			path = VoiceConvertDemoUITests;
			sourceTree = "<group>";
		};
		BAA116531F1C52ED00B98D27 /* VoiceConvert */ = {
			isa = PBXGroup;
			children = (
				BAA1166B1F1C53C000B98D27 /* DeviceUtil */,
				BAA116541F1C52ED00B98D27 /* amrwapper */,
				BAA116681F1C532F00B98D27 /* VoiceConverter.h */,
				BAA116691F1C532F00B98D27 /* VoiceConverter.mm */,
				BAA1165B1F1C52ED00B98D27 /* opencore-amrnb */,
				BAA1165F1F1C52ED00B98D27 /* opencore-amrwb */,
			);
			path = VoiceConvert;
			sourceTree = "<group>";
		};
		BAA116541F1C52ED00B98D27 /* amrwapper */ = {
			isa = PBXGroup;
			children = (
				BAA116551F1C52ED00B98D27 /* amrFileCodec.h */,
				BAA116561F1C52ED00B98D27 /* amrFileCodec.mm */,
				BAA116571F1C52ED00B98D27 /* wav.h */,
				BAA116581F1C52ED00B98D27 /* wav.mm */,
			);
			path = amrwapper;
			sourceTree = "<group>";
		};
		BAA1165B1F1C52ED00B98D27 /* opencore-amrnb */ = {
			isa = PBXGroup;
			children = (
				BAA1165C1F1C52ED00B98D27 /* interf_dec.h */,
				BAA1165D1F1C52ED00B98D27 /* interf_enc.h */,
				BAA1165E1F1C52ED00B98D27 /* libopencore-amrnb.a */,
			);
			path = "opencore-amrnb";
			sourceTree = "<group>";
		};
		BAA1165F1F1C52ED00B98D27 /* opencore-amrwb */ = {
			isa = PBXGroup;
			children = (
				BAA116601F1C52ED00B98D27 /* dec_if.h */,
				BAA116611F1C52ED00B98D27 /* if_rom.h */,
				BAA116621F1C52ED00B98D27 /* libopencore-amrwb.a */,
			);
			path = "opencore-amrwb";
			sourceTree = "<group>";
		};
		BAA1166B1F1C53C000B98D27 /* DeviceUtil */ = {
			isa = PBXGroup;
			children = (
				BAA1166C1F1C53C000B98D27 /* delegates */,
				BAA1166D1F1C53C000B98D27 /* internal */,
			);
			path = DeviceUtil;
			sourceTree = "<group>";
		};
		BAA1166C1F1C53C000B98D27 /* delegates */ = {
			isa = PBXGroup;
			children = (
				BAA1166F1F1C541A00B98D27 /* DeviceManagerDelegate.h */,
				BAA116701F1C542E00B98D27 /* DeviceManagerProximitySensorDelegate.h */,
			);
			path = delegates;
			sourceTree = "<group>";
		};
		BAA1166D1F1C53C000B98D27 /* internal */ = {
			isa = PBXGroup;
			children = (
				BAA116751F1C54B400B98D27 /* DemoErrorCode.h */,
				BAA116761F1C54D100B98D27 /* AudioPlayerUtil.h */,
				BAA116771F1C54D100B98D27 /* AudioPlayerUtil.m */,
				BAA116791F1C554F00B98D27 /* AudioRecorderUtil.h */,
				BAA1167A1F1C554F00B98D27 /* AudioRecorderUtil.m */,
				BAA116971F1C5B9800B98D27 /* DeviceManagerBase+Media.h */,
				BAA116981F1C5B9800B98D27 /* DeviceManagerBase+Media.m */,
				BAA1169A1F1C5BC900B98D27 /* DeviceManagerBase+Microphone.h */,
				BAA1169B1F1C5BC900B98D27 /* DeviceManagerBase+Microphone.m */,
				BAA1169D1F1C5BE600B98D27 /* DeviceManagerBase+ProximitySensor.h */,
				BAA1169E1F1C5BE600B98D27 /* DeviceManagerBase+ProximitySensor.m */,
				BAA116A01F1C5BF900B98D27 /* DeviceManagerBase+Remind.h */,
				BAA116A11F1C5BF900B98D27 /* DeviceManagerBase+Remind.m */,
				BAA116911F1C59DF00B98D27 /* DeviceManagerBase.h */,
				BAA116921F1C59DF00B98D27 /* DeviceManagerBase.m */,
				BAA116A81F1C5D9C00B98D27 /* DeviceManager.h */,
			);
			path = internal;
			sourceTree = "<group>";
		};
/* End PBXGroup section */

/* Begin PBXNativeTarget section */
		BAA1161C1F1C52D200B98D27 /* VoiceConvertDemo */ = {
			isa = PBXNativeTarget;
			buildConfigurationList = BAA1164A1F1C52D400B98D27 /* Build configuration list for PBXNativeTarget "VoiceConvertDemo" */;
			buildPhases = (
				BAA116191F1C52D200B98D27 /* Sources */,
				BAA1161A1F1C52D200B98D27 /* Frameworks */,
				BAA1161B1F1C52D200B98D27 /* Resources */,
			);
			buildRules = (
			);
			dependencies = (
			);
			name = VoiceConvertDemo;
			productName = VoiceConvertDemo;
			productReference = BAA1161D1F1C52D200B98D27 /* VoiceConvertDemo.app */;
			productType = "com.apple.product-type.application";
		};
		BAA116351F1C52D300B98D27 /* VoiceConvertDemoTests */ = {
			isa = PBXNativeTarget;
			buildConfigurationList = BAA1164D1F1C52D400B98D27 /* Build configuration list for PBXNativeTarget "VoiceConvertDemoTests" */;
			buildPhases = (
				BAA116321F1C52D300B98D27 /* Sources */,
				BAA116331F1C52D300B98D27 /* Frameworks */,
				BAA116341F1C52D300B98D27 /* Resources */,
			);
			buildRules = (
			);
			dependencies = (
				BAA116381F1C52D300B98D27 /* PBXTargetDependency */,
			);
			name = VoiceConvertDemoTests;
			productName = VoiceConvertDemoTests;
			productReference = BAA116361F1C52D300B98D27 /* VoiceConvertDemoTests.xctest */;
			productType = "com.apple.product-type.bundle.unit-test";
		};
		BAA116401F1C52D400B98D27 /* VoiceConvertDemoUITests */ = {
			isa = PBXNativeTarget;
			buildConfigurationList = BAA116501F1C52D400B98D27 /* Build configuration list for PBXNativeTarget "VoiceConvertDemoUITests" */;
			buildPhases = (
				BAA1163D1F1C52D400B98D27 /* Sources */,
				BAA1163E1F1C52D400B98D27 /* Frameworks */,
				BAA1163F1F1C52D400B98D27 /* Resources */,
			);
			buildRules = (
			);
			dependencies = (
				BAA116431F1C52D400B98D27 /* PBXTargetDependency */,
			);
			name = VoiceConvertDemoUITests;
			productName = VoiceConvertDemoUITests;
			productReference = BAA116411F1C52D400B98D27 /* VoiceConvertDemoUITests.xctest */;
			productType = "com.apple.product-type.bundle.ui-testing";
		};
/* End PBXNativeTarget section */

/* Begin PBXProject section */
		BAA116151F1C52D200B98D27 /* Project object */ = {
			isa = PBXProject;
			attributes = {
				LastUpgradeCheck = 0830;
				ORGANIZATIONNAME = Nemo;
				TargetAttributes = {
					BAA1161C1F1C52D200B98D27 = {
						CreatedOnToolsVersion = 8.3;
						ProvisioningStyle = Manual;
					};
					BAA116351F1C52D300B98D27 = {
						CreatedOnToolsVersion = 8.3;
						ProvisioningStyle = Automatic;
						TestTargetID = BAA1161C1F1C52D200B98D27;
					};
					BAA116401F1C52D400B98D27 = {
						CreatedOnToolsVersion = 8.3;
						ProvisioningStyle = Automatic;
						TestTargetID = BAA1161C1F1C52D200B98D27;
					};
				};
			};
			buildConfigurationList = BAA116181F1C52D200B98D27 /* Build configuration list for PBXProject "VoiceConvertDemo" */;
			compatibilityVersion = "Xcode 3.2";
			developmentRegion = English;
			hasScannedForEncodings = 0;
			knownRegions = (
				en,
				Base,
			);
			mainGroup = BAA116141F1C52D100B98D27;
			productRefGroup = BAA1161E1F1C52D200B98D27 /* Products */;
			projectDirPath = "";
			projectRoot = "";
			targets = (
				BAA1161C1F1C52D200B98D27 /* VoiceConvertDemo */,
				BAA116351F1C52D300B98D27 /* VoiceConvertDemoTests */,
				BAA116401F1C52D400B98D27 /* VoiceConvertDemoUITests */,
			);
		};
/* End PBXProject section */

/* Begin PBXResourcesBuildPhase section */
		BAA1161B1F1C52D200B98D27 /* Resources */ = {
			isa = PBXResourcesBuildPhase;
			buildActionMask = 2147483647;
			files = (
				BAA116301F1C52D300B98D27 /* LaunchScreen.storyboard in Resources */,
				BAA1162D1F1C52D300B98D27 /* Assets.xcassets in Resources */,
				BAA1162B1F1C52D300B98D27 /* Main.storyboard in Resources */,
			);
			runOnlyForDeploymentPostprocessing = 0;
		};
		BAA116341F1C52D300B98D27 /* Resources */ = {
			isa = PBXResourcesBuildPhase;
			buildActionMask = 2147483647;
			files = (
			);
			runOnlyForDeploymentPostprocessing = 0;
		};
		BAA1163F1F1C52D400B98D27 /* Resources */ = {
			isa = PBXResourcesBuildPhase;
			buildActionMask = 2147483647;
			files = (
			);
			runOnlyForDeploymentPostprocessing = 0;
		};
/* End PBXResourcesBuildPhase section */

/* Begin PBXSourcesBuildPhase section */
		BAA116191F1C52D200B98D27 /* Sources */ = {
			isa = PBXSourcesBuildPhase;
			buildActionMask = 2147483647;
			files = (
				BAA116641F1C52ED00B98D27 /* wav.mm in Sources */,
				BAA116991F1C5B9800B98D27 /* DeviceManagerBase+Media.m in Sources */,
				BAA116781F1C54D100B98D27 /* AudioPlayerUtil.m in Sources */,
				BAA116281F1C52D300B98D27 /* ViewController.m in Sources */,
				BAA1169F1F1C5BE600B98D27 /* DeviceManagerBase+ProximitySensor.m in Sources */,
				BAA116631F1C52ED00B98D27 /* amrFileCodec.mm in Sources */,
				BAA1167B1F1C554F00B98D27 /* AudioRecorderUtil.m in Sources */,
				BAA1166A1F1C532F00B98D27 /* VoiceConverter.mm in Sources */,
				BAA116931F1C59DF00B98D27 /* DeviceManagerBase.m in Sources */,
				BAA116251F1C52D300B98D27 /* AppDelegate.m in Sources */,
				BAA1169C1F1C5BC900B98D27 /* DeviceManagerBase+Microphone.m in Sources */,
				BAA116221F1C52D300B98D27 /* main.m in Sources */,
				BAA116A21F1C5BF900B98D27 /* DeviceManagerBase+Remind.m in Sources */,
			);
			runOnlyForDeploymentPostprocessing = 0;
		};
		BAA116321F1C52D300B98D27 /* Sources */ = {
			isa = PBXSourcesBuildPhase;
			buildActionMask = 2147483647;
			files = (
				BAA1163B1F1C52D400B98D27 /* VoiceConvertDemoTests.m in Sources */,
			);
			runOnlyForDeploymentPostprocessing = 0;
		};
		BAA1163D1F1C52D400B98D27 /* Sources */ = {
			isa = PBXSourcesBuildPhase;
			buildActionMask = 2147483647;
			files = (
				BAA116461F1C52D400B98D27 /* VoiceConvertDemoUITests.m in Sources */,
			);
			runOnlyForDeploymentPostprocessing = 0;
		};
/* End PBXSourcesBuildPhase section */

/* Begin PBXTargetDependency section */
		BAA116381F1C52D300B98D27 /* PBXTargetDependency */ = {
			isa = PBXTargetDependency;
			target = BAA1161C1F1C52D200B98D27 /* VoiceConvertDemo */;
			targetProxy = BAA116371F1C52D300B98D27 /* PBXContainerItemProxy */;
		};
		BAA116431F1C52D400B98D27 /* PBXTargetDependency */ = {
			isa = PBXTargetDependency;
			target = BAA1161C1F1C52D200B98D27 /* VoiceConvertDemo */;
			targetProxy = BAA116421F1C52D400B98D27 /* PBXContainerItemProxy */;
		};
/* End PBXTargetDependency section */

/* Begin PBXVariantGroup section */
		BAA116291F1C52D300B98D27 /* Main.storyboard */ = {
			isa = PBXVariantGroup;
			children = (
				BAA1162A1F1C52D300B98D27 /* Base */,
			);
			name = Main.storyboard;
			sourceTree = "<group>";
		};
		BAA1162E1F1C52D300B98D27 /* LaunchScreen.storyboard */ = {
			isa = PBXVariantGroup;
			children = (
				BAA1162F1F1C52D300B98D27 /* Base */,
			);
			name = LaunchScreen.storyboard;
			sourceTree = "<group>";
		};
/* End PBXVariantGroup section */

/* Begin XCBuildConfiguration section */
		BAA116481F1C52D400B98D27 /* Debug */ = {
			isa = XCBuildConfiguration;
			buildSettings = {
				ALWAYS_SEARCH_USER_PATHS = NO;
				CLANG_ANALYZER_NONNULL = YES;
				CLANG_ANALYZER_NUMBER_OBJECT_CONVERSION = YES_AGGRESSIVE;
				CLANG_CXX_LANGUAGE_STANDARD = "gnu++0x";
				CLANG_CXX_LIBRARY = "libc++";
				CLANG_ENABLE_MODULES = YES;
				CLANG_ENABLE_OBJC_ARC = YES;
				CLANG_WARN_BOOL_CONVERSION = YES;
				CLANG_WARN_CONSTANT_CONVERSION = YES;
				CLANG_WARN_DIRECT_OBJC_ISA_USAGE = YES_ERROR;
				CLANG_WARN_DOCUMENTATION_COMMENTS = YES;
				CLANG_WARN_EMPTY_BODY = YES;
				CLANG_WARN_ENUM_CONVERSION = YES;
				CLANG_WARN_INFINITE_RECURSION = YES;
				CLANG_WARN_INT_CONVERSION = YES;
				CLANG_WARN_OBJC_ROOT_CLASS = YES_ERROR;
				CLANG_WARN_SUSPICIOUS_MOVE = YES;
				CLANG_WARN_UNREACHABLE_CODE = YES;
				CLANG_WARN__DUPLICATE_METHOD_MATCH = YES;
				"CODE_SIGN_IDENTITY[sdk=iphoneos*]" = "iPhone Developer";
				COPY_PHASE_STRIP = NO;
				DEBUG_INFORMATION_FORMAT = dwarf;
				ENABLE_STRICT_OBJC_MSGSEND = YES;
				ENABLE_TESTABILITY = YES;
				GCC_C_LANGUAGE_STANDARD = gnu99;
				GCC_DYNAMIC_NO_PIC = NO;
				GCC_NO_COMMON_BLOCKS = YES;
				GCC_OPTIMIZATION_LEVEL = 0;
				GCC_PREPROCESSOR_DEFINITIONS = (
					"DEBUG=1",
					"$(inherited)",
				);
				GCC_WARN_64_TO_32_BIT_CONVERSION = YES;
				GCC_WARN_ABOUT_RETURN_TYPE = YES_ERROR;
				GCC_WARN_UNDECLARED_SELECTOR = YES;
				GCC_WARN_UNINITIALIZED_AUTOS = YES_AGGRESSIVE;
				GCC_WARN_UNUSED_FUNCTION = YES;
				GCC_WARN_UNUSED_VARIABLE = YES;
				IPHONEOS_DEPLOYMENT_TARGET = 10.3;
				MTL_ENABLE_DEBUG_INFO = YES;
				ONLY_ACTIVE_ARCH = YES;
				SDKROOT = iphoneos;
				TARGETED_DEVICE_FAMILY = "1,2";
				VALID_ARCHS = "arm64 armv7 armv7s";
			};
			name = Debug;
		};
		BAA116491F1C52D400B98D27 /* Release */ = {
			isa = XCBuildConfiguration;
			buildSettings = {
				ALWAYS_SEARCH_USER_PATHS = NO;
				CLANG_ANALYZER_NONNULL = YES;
				CLANG_ANALYZER_NUMBER_OBJECT_CONVERSION = YES_AGGRESSIVE;
				CLANG_CXX_LANGUAGE_STANDARD = "gnu++0x";
				CLANG_CXX_LIBRARY = "libc++";
				CLANG_ENABLE_MODULES = YES;
				CLANG_ENABLE_OBJC_ARC = YES;
				CLANG_WARN_BOOL_CONVERSION = YES;
				CLANG_WARN_CONSTANT_CONVERSION = YES;
				CLANG_WARN_DIRECT_OBJC_ISA_USAGE = YES_ERROR;
				CLANG_WARN_DOCUMENTATION_COMMENTS = YES;
				CLANG_WARN_EMPTY_BODY = YES;
				CLANG_WARN_ENUM_CONVERSION = YES;
				CLANG_WARN_INFINITE_RECURSION = YES;
				CLANG_WARN_INT_CONVERSION = YES;
				CLANG_WARN_OBJC_ROOT_CLASS = YES_ERROR;
				CLANG_WARN_SUSPICIOUS_MOVE = YES;
				CLANG_WARN_UNREACHABLE_CODE = YES;
				CLANG_WARN__DUPLICATE_METHOD_MATCH = YES;
				"CODE_SIGN_IDENTITY[sdk=iphoneos*]" = "iPhone Developer";
				COPY_PHASE_STRIP = NO;
				DEBUG_INFORMATION_FORMAT = "dwarf-with-dsym";
				ENABLE_NS_ASSERTIONS = NO;
				ENABLE_STRICT_OBJC_MSGSEND = YES;
				GCC_C_LANGUAGE_STANDARD = gnu99;
				GCC_NO_COMMON_BLOCKS = YES;
				GCC_WARN_64_TO_32_BIT_CONVERSION = YES;
				GCC_WARN_ABOUT_RETURN_TYPE = YES_ERROR;
				GCC_WARN_UNDECLARED_SELECTOR = YES;
				GCC_WARN_UNINITIALIZED_AUTOS = YES_AGGRESSIVE;
				GCC_WARN_UNUSED_FUNCTION = YES;
				GCC_WARN_UNUSED_VARIABLE = YES;
				IPHONEOS_DEPLOYMENT_TARGET = 10.3;
				MTL_ENABLE_DEBUG_INFO = NO;
				ONLY_ACTIVE_ARCH = YES;
				SDKROOT = iphoneos;
				TARGETED_DEVICE_FAMILY = "1,2";
				VALIDATE_PRODUCT = YES;
				VALID_ARCHS = "arm64 armv7 armv7s";
			};
			name = Release;
		};
		BAA1164B1F1C52D400B98D27 /* Debug */ = {
			isa = XCBuildConfiguration;
			buildSettings = {
				ASSETCATALOG_COMPILER_APPICON_NAME = AppIcon;
				DEVELOPMENT_TEAM = "";
				ENABLE_BITCODE = YES;
				FRAMEWORK_SEARCH_PATHS = "$(inherited)";
				HEADER_SEARCH_PATHS = "$(inherited)";
				INFOPLIST_FILE = VoiceConvertDemo/Info.plist;
				IPHONEOS_DEPLOYMENT_TARGET = 9.0;
				LD_RUNPATH_SEARCH_PATHS = "$(inherited) @executable_path/Frameworks";
				LIBRARY_SEARCH_PATHS = (
					"$(inherited)",
					"$(PROJECT_DIR)/VoiceConvertDemo/VoiceConvert/opencore-amrnb",
					"$(PROJECT_DIR)/VoiceConvertDemo/VoiceConvert/opencore-amrwb",
				);
				OTHER_LDFLAGS = (
					"$(inherited)",
					"-ObjC",
				);
				PRODUCT_BUNDLE_IDENTIFIER = Nemo.VoiceConvertDemo;
				PRODUCT_NAME = "$(TARGET_NAME)";
				PROVISIONING_PROFILE_SPECIFIER = "";
			};
			name = Debug;
		};
		BAA1164C1F1C52D400B98D27 /* Release */ = {
			isa = XCBuildConfiguration;
			buildSettings = {
				ASSETCATALOG_COMPILER_APPICON_NAME = AppIcon;
				DEVELOPMENT_TEAM = "";
				ENABLE_BITCODE = YES;
				FRAMEWORK_SEARCH_PATHS = "$(inherited)";
				HEADER_SEARCH_PATHS = "$(inherited)";
				INFOPLIST_FILE = VoiceConvertDemo/Info.plist;
				IPHONEOS_DEPLOYMENT_TARGET = 9.0;
				LD_RUNPATH_SEARCH_PATHS = "$(inherited) @executable_path/Frameworks";
				LIBRARY_SEARCH_PATHS = (
					"$(inherited)",
					"$(PROJECT_DIR)/VoiceConvertDemo/VoiceConvert/opencore-amrnb",
					"$(PROJECT_DIR)/VoiceConvertDemo/VoiceConvert/opencore-amrwb",
				);
				OTHER_LDFLAGS = (
					"$(inherited)",
					"-ObjC",
				);
				PRODUCT_BUNDLE_IDENTIFIER = Nemo.VoiceConvertDemo;
				PRODUCT_NAME = "$(TARGET_NAME)";
				PROVISIONING_PROFILE_SPECIFIER = "";
			};
			name = Release;
		};
		BAA1164E1F1C52D400B98D27 /* Debug */ = {
			isa = XCBuildConfiguration;
			buildSettings = {
				BUNDLE_LOADER = "$(TEST_HOST)";
				INFOPLIST_FILE = VoiceConvertDemoTests/Info.plist;
				LD_RUNPATH_SEARCH_PATHS = "$(inherited) @executable_path/Frameworks @loader_path/Frameworks";
				PRODUCT_BUNDLE_IDENTIFIER = Nemo.VoiceConvertDemoTests;
				PRODUCT_NAME = "$(TARGET_NAME)";
				TEST_HOST = "$(BUILT_PRODUCTS_DIR)/VoiceConvertDemo.app/VoiceConvertDemo";
			};
			name = Debug;
		};
		BAA1164F1F1C52D400B98D27 /* Release */ = {
			isa = XCBuildConfiguration;
			buildSettings = {
				BUNDLE_LOADER = "$(TEST_HOST)";
				INFOPLIST_FILE = VoiceConvertDemoTests/Info.plist;
				LD_RUNPATH_SEARCH_PATHS = "$(inherited) @executable_path/Frameworks @loader_path/Frameworks";
				PRODUCT_BUNDLE_IDENTIFIER = Nemo.VoiceConvertDemoTests;
				PRODUCT_NAME = "$(TARGET_NAME)";
				TEST_HOST = "$(BUILT_PRODUCTS_DIR)/VoiceConvertDemo.app/VoiceConvertDemo";
			};
			name = Release;
		};
		BAA116511F1C52D400B98D27 /* Debug */ = {
			isa = XCBuildConfiguration;
			buildSettings = {
				INFOPLIST_FILE = VoiceConvertDemoUITests/Info.plist;
				LD_RUNPATH_SEARCH_PATHS = "$(inherited) @executable_path/Frameworks @loader_path/Frameworks";
				PRODUCT_BUNDLE_IDENTIFIER = Nemo.VoiceConvertDemoUITests;
				PRODUCT_NAME = "$(TARGET_NAME)";
				TEST_TARGET_NAME = VoiceConvertDemo;
			};
			name = Debug;
		};
		BAA116521F1C52D400B98D27 /* Release */ = {
			isa = XCBuildConfiguration;
			buildSettings = {
				INFOPLIST_FILE = VoiceConvertDemoUITests/Info.plist;
				LD_RUNPATH_SEARCH_PATHS = "$(inherited) @executable_path/Frameworks @loader_path/Frameworks";
				PRODUCT_BUNDLE_IDENTIFIER = Nemo.VoiceConvertDemoUITests;
				PRODUCT_NAME = "$(TARGET_NAME)";
				TEST_TARGET_NAME = VoiceConvertDemo;
			};
			name = Release;
		};
/* End XCBuildConfiguration section */

/* Begin XCConfigurationList section */
		BAA116181F1C52D200B98D27 /* Build configuration list for PBXProject "VoiceConvertDemo" */ = {
			isa = XCConfigurationList;
			buildConfigurations = (
				BAA116481F1C52D400B98D27 /* Debug */,
				BAA116491F1C52D400B98D27 /* Release */,
			);
			defaultConfigurationIsVisible = 0;
			defaultConfigurationName = Release;
		};
		BAA1164A1F1C52D400B98D27 /* Build configuration list for PBXNativeTarget "VoiceConvertDemo" */ = {
			isa = XCConfigurationList;
			buildConfigurations = (
				BAA1164B1F1C52D400B98D27 /* Debug */,
				BAA1164C1F1C52D400B98D27 /* Release */,
			);
			defaultConfigurationIsVisible = 0;
		};
		BAA1164D1F1C52D400B98D27 /* Build configuration list for PBXNativeTarget "VoiceConvertDemoTests" */ = {
			isa = XCConfigurationList;
			buildConfigurations = (
				BAA1164E1F1C52D400B98D27 /* Debug */,
				BAA1164F1F1C52D400B98D27 /* Release */,
			);
			defaultConfigurationIsVisible = 0;
		};
		BAA116501F1C52D400B98D27 /* Build configuration list for PBXNativeTarget "VoiceConvertDemoUITests" */ = {
			isa = XCConfigurationList;
			buildConfigurations = (
				BAA116511F1C52D400B98D27 /* Debug */,
				BAA116521F1C52D400B98D27 /* Release */,
			);
			defaultConfigurationIsVisible = 0;
		};
/* End XCConfigurationList section */
	};
	rootObject = BAA116151F1C52D200B98D27 /* Project object */;
}
